
Microsoft Visual Studio Solution File, Format Version 12.00
# Visual Studio Version 16
VisualStudioVersion = 16.0.29519.181
MinimumVisualStudioVersion = 10.0.40219.1
Project("{9A19103F-16F7-4668-BE54-9A1E7A4F7556}") = "CurrencyToBitcoin", "CurrencyToBitcoin\CurrencyToBitcoin.csproj", "{8CD9894E-702C-4613-B6D7-BE829E27BDF4}"
EndProject
Global
	GlobalSection(SolutionConfigurationPlatforms) = preSolution
		Debug|Any CPU = Debug|Any CPU
		Release|Any CPU = Release|Any CPU
	EndGlobalSection
	GlobalSection(ProjectConfigurationPlatforms) = postSolution
		{8CD9894E-702C-4613-B6D7-BE829E27BDF4}.Debug|Any CPU.ActiveCfg = Debug|Any CPU
		{8CD9894E-702C-4613-B6D7-BE829E27BDF4}.Debug|Any CPU.Build.0 = Debug|Any CPU
		{8CD9894E-702C-4613-B6D7-BE829E27BDF4}.Release|Any CPU.ActiveCfg = Release|Any CPU
		{8CD9894E-702C-4613-B6D7-BE829E27BDF4}.Release|Any CPU.Build.0 = Release|Any CPU
	EndGlobalSection
	GlobalSection(SolutionProperties) = preSolution
		HideSolutionNode = FALSE
	EndGlobalSection
	GlobalSection(ExtensibilityGlobals) = postSolution
		SolutionGuid = {8C5E57F7-8F84-4DE7-8359-F0793B1EC8B1}
	EndGlobalSection
EndGlobal
